# THIS IS AN AUTOGENERATED FILE. DO NOT EDIT THIS FILE DIRECTLY.
# yarn lockfile v1


yarn@^1.22.18:
  version "1.22.18"
  resolved "https://registry.yarnpkg.com/yarn/-/yarn-1.22.18.tgz#05b822ade8c672987bab8858635145da0850f78a"
  integrity sha512-oFffv6Jp2+BTUBItzx1Z0dpikTX+raRdqupfqzeMKnoh7WD6RuPAxcqDkMUy9vafJkrB0YaV708znpuMhEBKGQ==
